
Microsoft Visual Studio Solution File, Format Version 12.00
# Visual Studio Version 16
VisualStudioVersion = 16.0.28922.388
MinimumVisualStudioVersion = 10.0.40219.1
Project("{FAE04EC0-301F-11D3-BF4B-00C04F79EFBC}") = "LinqToSP", "LinqToSP\LinqToSP.csproj", "{B1FADE82-019F-4B24-BD41-99B52AEB95EE}"
EndProject
Project("{FAE04EC0-301F-11D3-BF4B-00C04F79EFBC}") = "SP.Client", "SP.Client\SP.Client.csproj", "{802ACE29-F8D3-4B15-A800-9B08818F39F7}"
EndProject
Project("{FAE04EC0-301F-11D3-BF4B-00C04F79EFBC}") = "LinqToSP.Test", "LinqToSP.Test\LinqToSP.Test.csproj", "{B0623774-955A-409A-9969-2229C3A4BAB5}"
EndProject
Project("{FAE04EC0-301F-11D3-BF4B-00C04F79EFBC}") = "LinqToSP.2013", "LinqToSP.2013\LinqToSP.2013.csproj", "{174ABCDD-1A01-4B99-AE5E-6799BE58B30F}"
EndProject
Project("{FAE04EC0-301F-11D3-BF4B-00C04F79EFBC}") = "SP.Client.2013", "SP.Client.2013\SP.Client.2013.csproj", "{2329C662-18E2-430C-9E2C-95DF8011F4C5}"
EndProject
Project("{FAE04EC0-301F-11D3-BF4B-00C04F79EFBC}") = "LinqToSP.2016", "LinqToSP.2016\LinqToSP.2016.csproj", "{2DE231BE-DE56-46C2-9F5C-A0F8A1D6FDCE}"
EndProject
Project("{FAE04EC0-301F-11D3-BF4B-00C04F79EFBC}") = "SP.Client.2016", "SP.Client.2016\SP.Client.2016.csproj", "{F89DA745-A48A-41C2-82C6-3C90C8520150}"
EndProject
Global
	GlobalSection(SolutionConfigurationPlatforms) = preSolution
		Debug|Any CPU = Debug|Any CPU
		Release|Any CPU = Release|Any CPU
	EndGlobalSection
	GlobalSection(ProjectConfigurationPlatforms) = postSolution
		{B1FADE82-019F-4B24-BD41-99B52AEB95EE}.Debug|Any CPU.ActiveCfg = Debug|Any CPU
		{B1FADE82-019F-4B24-BD41-99B52AEB95EE}.Debug|Any CPU.Build.0 = Debug|Any CPU
		{B1FADE82-019F-4B24-BD41-99B52AEB95EE}.Release|Any CPU.ActiveCfg = Release|Any CPU
		{B1FADE82-019F-4B24-BD41-99B52AEB95EE}.Release|Any CPU.Build.0 = Release|Any CPU
		{802ACE29-F8D3-4B15-A800-9B08818F39F7}.Debug|Any CPU.ActiveCfg = Debug|Any CPU
		{802ACE29-F8D3-4B15-A800-9B08818F39F7}.Debug|Any CPU.Build.0 = Debug|Any CPU
		{802ACE29-F8D3-4B15-A800-9B08818F39F7}.Release|Any CPU.ActiveCfg = Release|Any CPU
		{802ACE29-F8D3-4B15-A800-9B08818F39F7}.Release|Any CPU.Build.0 = Release|Any CPU
		{B0623774-955A-409A-9969-2229C3A4BAB5}.Debug|Any CPU.ActiveCfg = Debug|Any CPU
		{B0623774-955A-409A-9969-2229C3A4BAB5}.Debug|Any CPU.Build.0 = Debug|Any CPU
		{B0623774-955A-409A-9969-2229C3A4BAB5}.Release|Any CPU.ActiveCfg = Release|Any CPU
		{B0623774-955A-409A-9969-2229C3A4BAB5}.Release|Any CPU.Build.0 = Release|Any CPU
		{174ABCDD-1A01-4B99-AE5E-6799BE58B30F}.Debug|Any CPU.ActiveCfg = Debug|Any CPU
		{174ABCDD-1A01-4B99-AE5E-6799BE58B30F}.Debug|Any CPU.Build.0 = Debug|Any CPU
		{174ABCDD-1A01-4B99-AE5E-6799BE58B30F}.Release|Any CPU.ActiveCfg = Release|Any CPU
		{174ABCDD-1A01-4B99-AE5E-6799BE58B30F}.Release|Any CPU.Build.0 = Release|Any CPU
		{2329C662-18E2-430C-9E2C-95DF8011F4C5}.Debug|Any CPU.ActiveCfg = Debug|Any CPU
		{2329C662-18E2-430C-9E2C-95DF8011F4C5}.Debug|Any CPU.Build.0 = Debug|Any CPU
		{2329C662-18E2-430C-9E2C-95DF8011F4C5}.Release|Any CPU.ActiveCfg = Release|Any CPU
		{2329C662-18E2-430C-9E2C-95DF8011F4C5}.Release|Any CPU.Build.0 = Release|Any CPU
		{2DE231BE-DE56-46C2-9F5C-A0F8A1D6FDCE}.Debug|Any CPU.ActiveCfg = Debug|Any CPU
		{2DE231BE-DE56-46C2-9F5C-A0F8A1D6FDCE}.Debug|Any CPU.Build.0 = Debug|Any CPU
		{2DE231BE-DE56-46C2-9F5C-A0F8A1D6FDCE}.Release|Any CPU.ActiveCfg = Release|Any CPU
		{2DE231BE-DE56-46C2-9F5C-A0F8A1D6FDCE}.Release|Any CPU.Build.0 = Release|Any CPU
		{F89DA745-A48A-41C2-82C6-3C90C8520150}.Debug|Any CPU.ActiveCfg = Debug|Any CPU
		{F89DA745-A48A-41C2-82C6-3C90C8520150}.Debug|Any CPU.Build.0 = Debug|Any CPU
		{F89DA745-A48A-41C2-82C6-3C90C8520150}.Release|Any CPU.ActiveCfg = Release|Any CPU
		{F89DA745-A48A-41C2-82C6-3C90C8520150}.Release|Any CPU.Build.0 = Release|Any CPU
	EndGlobalSection
	GlobalSection(SolutionProperties) = preSolution
		HideSolutionNode = FALSE
	EndGlobalSection
	GlobalSection(ExtensibilityGlobals) = postSolution
		SolutionGuid = {ED0871B0-FAA3-4338-A0A9-9B04D9C91CCA}
	EndGlobalSection
EndGlobal
