
Microsoft Visual Studio Solution File, Format Version 12.00
# Visual Studio Version 16
VisualStudioVersion = 16.0.29411.108
MinimumVisualStudioVersion = 10.0.40219.1
Project("{FAE04EC0-301F-11D3-BF4B-00C04F79EFBC}") = "SP.ProjectTask", "SP.ProjectTask\SP.ProjectTask.csproj", "{AFA6E64A-E936-4FAF-8843-C8B2F0B54CB5}"
EndProject
Project("{FAE04EC0-301F-11D3-BF4B-00C04F79EFBC}") = "SP.ProjectTaskWeb", "SP.ProjectTaskWeb\SP.ProjectTaskWeb.csproj", "{258AD873-3776-42ED-8DFE-42D23CF7B5F6}"
EndProject
Global
	GlobalSection(SolutionConfigurationPlatforms) = preSolution
		Debug|Any CPU = Debug|Any CPU
		Release|Any CPU = Release|Any CPU
	EndGlobalSection
	GlobalSection(ProjectConfigurationPlatforms) = postSolution
		{AFA6E64A-E936-4FAF-8843-C8B2F0B54CB5}.Debug|Any CPU.ActiveCfg = Debug|Any CPU
		{AFA6E64A-E936-4FAF-8843-C8B2F0B54CB5}.Debug|Any CPU.Build.0 = Debug|Any CPU
		{AFA6E64A-E936-4FAF-8843-C8B2F0B54CB5}.Debug|Any CPU.Deploy.0 = Debug|Any CPU
		{AFA6E64A-E936-4FAF-8843-C8B2F0B54CB5}.Release|Any CPU.ActiveCfg = Release|Any CPU
		{AFA6E64A-E936-4FAF-8843-C8B2F0B54CB5}.Release|Any CPU.Build.0 = Release|Any CPU
		{AFA6E64A-E936-4FAF-8843-C8B2F0B54CB5}.Release|Any CPU.Deploy.0 = Release|Any CPU
		{258AD873-3776-42ED-8DFE-42D23CF7B5F6}.Debug|Any CPU.ActiveCfg = Debug|Any CPU
		{258AD873-3776-42ED-8DFE-42D23CF7B5F6}.Debug|Any CPU.Build.0 = Debug|Any CPU
		{258AD873-3776-42ED-8DFE-42D23CF7B5F6}.Release|Any CPU.ActiveCfg = Release|Any CPU
		{258AD873-3776-42ED-8DFE-42D23CF7B5F6}.Release|Any CPU.Build.0 = Release|Any CPU
	EndGlobalSection
	GlobalSection(SolutionProperties) = preSolution
		HideSolutionNode = FALSE
	EndGlobalSection
	GlobalSection(ExtensibilityGlobals) = postSolution
		SolutionGuid = {7B78FFA0-BDFF-444D-9377-1453C255227F}
	EndGlobalSection
EndGlobal
